
Microsoft Visual Studio Solution File, Format Version 12.00
# Visual Studio Version 17
VisualStudioVersion = 17.13.35931.197
MinimumVisualStudioVersion = 10.0.40219.1
Project("{FAE04EC0-301F-11D3-BF4B-00C04F79EFBC}") = "BusinessObjects", "BusinessObjects\BusinessObjects.csproj", "{E74498E1-950F-1BAA-7F37-53A6E89B06B1}"
EndProject
Project("{FAE04EC0-301F-11D3-BF4B-00C04F79EFBC}") = "DataAccessObjects", "DataAccessObjects\DataAccessObjects.csproj", "{123B174E-BD24-4FF2-2A35-4290DBA76B6F}"
EndProject
Project("{FAE04EC0-301F-11D3-BF4B-00C04F79EFBC}") = "Repositories", "Repositories\Repositories.csproj", "{A5B3CFA1-410E-B31F-F804-4CC6C048FE3E}"
EndProject
Project("{FAE04EC0-301F-11D3-BF4B-00C04F79EFBC}") = "Services", "Services\Services.csproj", "{97207750-6972-232F-BB7B-6106666106AF}"
EndProject
Project("{FAE04EC0-301F-11D3-BF4B-00C04F79EFBC}") = "ProductManagementRazorPages", "ProductManagementRazorPages\ProductManagementRazorPages.csproj", "{850048C1-43CD-4A93-A6D7-655CB03EC911}"
EndProject
Global
	GlobalSection(SolutionConfigurationPlatforms) = preSolution
		Debug|Any CPU = Debug|Any CPU
		Release|Any CPU = Release|Any CPU
	EndGlobalSection
	GlobalSection(ProjectConfigurationPlatforms) = postSolution
		{E74498E1-950F-1BAA-7F37-53A6E89B06B1}.Debug|Any CPU.ActiveCfg = Debug|Any CPU
		{E74498E1-950F-1BAA-7F37-53A6E89B06B1}.Debug|Any CPU.Build.0 = Debug|Any CPU
		{E74498E1-950F-1BAA-7F37-53A6E89B06B1}.Release|Any CPU.ActiveCfg = Release|Any CPU
		{E74498E1-950F-1BAA-7F37-53A6E89B06B1}.Release|Any CPU.Build.0 = Release|Any CPU
		{123B174E-BD24-4FF2-2A35-4290DBA76B6F}.Debug|Any CPU.ActiveCfg = Debug|Any CPU
		{123B174E-BD24-4FF2-2A35-4290DBA76B6F}.Debug|Any CPU.Build.0 = Debug|Any CPU
		{123B174E-BD24-4FF2-2A35-4290DBA76B6F}.Release|Any CPU.ActiveCfg = Release|Any CPU
		{123B174E-BD24-4FF2-2A35-4290DBA76B6F}.Release|Any CPU.Build.0 = Release|Any CPU
		{A5B3CFA1-410E-B31F-F804-4CC6C048FE3E}.Debug|Any CPU.ActiveCfg = Debug|Any CPU
		{A5B3CFA1-410E-B31F-F804-4CC6C048FE3E}.Debug|Any CPU.Build.0 = Debug|Any CPU
		{A5B3CFA1-410E-B31F-F804-4CC6C048FE3E}.Release|Any CPU.ActiveCfg = Release|Any CPU
		{A5B3CFA1-410E-B31F-F804-4CC6C048FE3E}.Release|Any CPU.Build.0 = Release|Any CPU
		{97207750-6972-232F-BB7B-6106666106AF}.Debug|Any CPU.ActiveCfg = Debug|Any CPU
		{97207750-6972-232F-BB7B-6106666106AF}.Debug|Any CPU.Build.0 = Debug|Any CPU
		{97207750-6972-232F-BB7B-6106666106AF}.Release|Any CPU.ActiveCfg = Release|Any CPU
		{97207750-6972-232F-BB7B-6106666106AF}.Release|Any CPU.Build.0 = Release|Any CPU
		{850048C1-43CD-4A93-A6D7-655CB03EC911}.Debug|Any CPU.ActiveCfg = Debug|Any CPU
		{850048C1-43CD-4A93-A6D7-655CB03EC911}.Debug|Any CPU.Build.0 = Debug|Any CPU
		{850048C1-43CD-4A93-A6D7-655CB03EC911}.Release|Any CPU.ActiveCfg = Release|Any CPU
		{850048C1-43CD-4A93-A6D7-655CB03EC911}.Release|Any CPU.Build.0 = Release|Any CPU
	EndGlobalSection
	GlobalSection(SolutionProperties) = preSolution
		HideSolutionNode = FALSE
	EndGlobalSection
	GlobalSection(ExtensibilityGlobals) = postSolution
		SolutionGuid = {35EE692B-34BA-45B0-AA6D-ECC4F9152F63}
	EndGlobalSection
EndGlobal
